
Microsoft Visual Studio Solution File, Format Version 12.00
# Visual Studio 15
VisualStudioVersion = 15.0.28307.421
MinimumVisualStudioVersion = 10.0.40219.1
Project("{FAE04EC0-301F-11D3-BF4B-00C04F79EFBC}") = "Beyova.ProjectItemConditionExtension", "Beyova.ProjectItemConditionExtension\Beyova.ProjectItemConditionExtension.csproj", "{CD06302A-9EE7-4359-8460-9ED996827AA6}"
EndProject
Global
	GlobalSection(SolutionConfigurationPlatforms) = preSolution
		Debug|Any CPU = Debug|Any CPU
		Release|Any CPU = Release|Any CPU
	EndGlobalSection
	GlobalSection(ProjectConfigurationPlatforms) = postSolution
		{CD06302A-9EE7-4359-8460-9ED996827AA6}.Debug|Any CPU.ActiveCfg = Debug|Any CPU
		{CD06302A-9EE7-4359-8460-9ED996827AA6}.Debug|Any CPU.Build.0 = Debug|Any CPU
		{CD06302A-9EE7-4359-8460-9ED996827AA6}.Release|Any CPU.ActiveCfg = Release|Any CPU
		{CD06302A-9EE7-4359-8460-9ED996827AA6}.Release|Any CPU.Build.0 = Release|Any CPU
	EndGlobalSection
	GlobalSection(SolutionProperties) = preSolution
		HideSolutionNode = FALSE
	EndGlobalSection
	GlobalSection(ExtensibilityGlobals) = postSolution
		SolutionGuid = {5F10695E-7778-4827-AAF8-70074C7CD25E}
	EndGlobalSection
EndGlobal
